
Microsoft Visual Studio Solution File, Format Version 12.00
# Visual Studio 14
VisualStudioVersion = 14.0.25420.1
MinimumVisualStudioVersion = 10.0.40219.1
Project("{FAE04EC0-301F-11D3-BF4B-00C04F79EFBC}") = "torba", "torba\torba.csproj", "{B718FCC9-460B-4797-978E-214C6E8D5B55}"
EndProject
Project("{FAE04EC0-301F-11D3-BF4B-00C04F79EFBC}") = "test", "test\test.csproj", "{05112C85-4DB1-4276-A7DC-5EDD7773B8B3}"
EndProject
Project("{FAE04EC0-301F-11D3-BF4B-00C04F79EFBC}") = "torbatest", "torbatest\torbatest.csproj", "{14165DC0-79E8-4434-96B4-61AE9ED61009}"
EndProject
Project("{FAE04EC0-301F-11D3-BF4B-00C04F79EFBC}") = "torbanms", "torbanms\torbanms.csproj", "{D925CAD1-DD96-482B-9629-072EC21A759C}"
EndProject
Project("{FAE04EC0-301F-11D3-BF4B-00C04F79EFBC}") = "torbautils", "torbautils\torbautils.csproj", "{C5DFCBFD-573E-4296-9D61-95FA7C5138A1}"
EndProject
Project("{FAE04EC0-301F-11D3-BF4B-00C04F79EFBC}") = "testdll", "testdll\testdll.csproj", "{375167B9-CF01-49CD-B811-5420338372A3}"
EndProject
Global
	GlobalSection(SolutionConfigurationPlatforms) = preSolution
		Debug|Any CPU = Debug|Any CPU
		Release|Any CPU = Release|Any CPU
	EndGlobalSection
	GlobalSection(ProjectConfigurationPlatforms) = postSolution
		{B718FCC9-460B-4797-978E-214C6E8D5B55}.Debug|Any CPU.ActiveCfg = Debug|Any CPU
		{B718FCC9-460B-4797-978E-214C6E8D5B55}.Debug|Any CPU.Build.0 = Debug|Any CPU
		{B718FCC9-460B-4797-978E-214C6E8D5B55}.Release|Any CPU.ActiveCfg = Release|Any CPU
		{B718FCC9-460B-4797-978E-214C6E8D5B55}.Release|Any CPU.Build.0 = Release|Any CPU
		{05112C85-4DB1-4276-A7DC-5EDD7773B8B3}.Debug|Any CPU.ActiveCfg = Debug|Any CPU
		{05112C85-4DB1-4276-A7DC-5EDD7773B8B3}.Debug|Any CPU.Build.0 = Debug|Any CPU
		{05112C85-4DB1-4276-A7DC-5EDD7773B8B3}.Release|Any CPU.ActiveCfg = Release|Any CPU
		{05112C85-4DB1-4276-A7DC-5EDD7773B8B3}.Release|Any CPU.Build.0 = Release|Any CPU
		{14165DC0-79E8-4434-96B4-61AE9ED61009}.Debug|Any CPU.ActiveCfg = Debug|Any CPU
		{14165DC0-79E8-4434-96B4-61AE9ED61009}.Debug|Any CPU.Build.0 = Debug|Any CPU
		{14165DC0-79E8-4434-96B4-61AE9ED61009}.Release|Any CPU.ActiveCfg = Release|Any CPU
		{14165DC0-79E8-4434-96B4-61AE9ED61009}.Release|Any CPU.Build.0 = Release|Any CPU
		{D925CAD1-DD96-482B-9629-072EC21A759C}.Debug|Any CPU.ActiveCfg = Debug|Any CPU
		{D925CAD1-DD96-482B-9629-072EC21A759C}.Debug|Any CPU.Build.0 = Debug|Any CPU
		{D925CAD1-DD96-482B-9629-072EC21A759C}.Release|Any CPU.ActiveCfg = Release|Any CPU
		{D925CAD1-DD96-482B-9629-072EC21A759C}.Release|Any CPU.Build.0 = Release|Any CPU
		{C5DFCBFD-573E-4296-9D61-95FA7C5138A1}.Debug|Any CPU.ActiveCfg = Debug|Any CPU
		{C5DFCBFD-573E-4296-9D61-95FA7C5138A1}.Debug|Any CPU.Build.0 = Debug|Any CPU
		{C5DFCBFD-573E-4296-9D61-95FA7C5138A1}.Release|Any CPU.ActiveCfg = Release|Any CPU
		{C5DFCBFD-573E-4296-9D61-95FA7C5138A1}.Release|Any CPU.Build.0 = Release|Any CPU
		{375167B9-CF01-49CD-B811-5420338372A3}.Debug|Any CPU.ActiveCfg = Debug|Any CPU
		{375167B9-CF01-49CD-B811-5420338372A3}.Debug|Any CPU.Build.0 = Debug|Any CPU
		{375167B9-CF01-49CD-B811-5420338372A3}.Release|Any CPU.ActiveCfg = Release|Any CPU
		{375167B9-CF01-49CD-B811-5420338372A3}.Release|Any CPU.Build.0 = Release|Any CPU
	EndGlobalSection
	GlobalSection(SolutionProperties) = preSolution
		HideSolutionNode = FALSE
	EndGlobalSection
EndGlobal
